
Microsoft Visual Studio Solution File, Format Version 12.00
# Visual Studio Version 17
VisualStudioVersion = 17.7.34031.279
MinimumVisualStudioVersion = 10.0.40219.1
Project("{FAE04EC0-301F-11D3-BF4B-00C04F79EFBC}") = "CarRental", "CarRental\CarRental.csproj", "{0443B393-29AC-4F7B-84BD-958437E63B18}"
EndProject
Global
	GlobalSection(SolutionConfigurationPlatforms) = preSolution
		Debug|Any CPU = Debug|Any CPU
		Release|Any CPU = Release|Any CPU
	EndGlobalSection
	GlobalSection(ProjectConfigurationPlatforms) = postSolution
		{0443B393-29AC-4F7B-84BD-958437E63B18}.Debug|Any CPU.ActiveCfg = Debug|Any CPU
		{0443B393-29AC-4F7B-84BD-958437E63B18}.Debug|Any CPU.Build.0 = Debug|Any CPU
		{0443B393-29AC-4F7B-84BD-958437E63B18}.Release|Any CPU.ActiveCfg = Release|Any CPU
		{0443B393-29AC-4F7B-84BD-958437E63B18}.Release|Any CPU.Build.0 = Release|Any CPU
	EndGlobalSection
	GlobalSection(SolutionProperties) = preSolution
		HideSolutionNode = FALSE
	EndGlobalSection
	GlobalSection(ExtensibilityGlobals) = postSolution
		SolutionGuid = {A112629A-8E3C-4353-AFC8-B9270FF2BD26}
	EndGlobalSection
EndGlobal
